
Microsoft Visual Studio Solution File, Format Version 12.00
# Visual Studio 15
VisualStudioVersion = 15.0.28307.1401
MinimumVisualStudioVersion = 10.0.40219.1
Project("{FAE04EC0-301F-11D3-BF4B-00C04F79EFBC}") = "grades", "grades\grades.csproj", "{926AAB0F-9BE1-44AC-9732-51C530639127}"
EndProject
Global
	GlobalSection(SolutionConfigurationPlatforms) = preSolution
		Debug|Any CPU = Debug|Any CPU
		Release|Any CPU = Release|Any CPU
	EndGlobalSection
	GlobalSection(ProjectConfigurationPlatforms) = postSolution
		{926AAB0F-9BE1-44AC-9732-51C530639127}.Debug|Any CPU.ActiveCfg = Debug|Any CPU
		{926AAB0F-9BE1-44AC-9732-51C530639127}.Debug|Any CPU.Build.0 = Debug|Any CPU
		{926AAB0F-9BE1-44AC-9732-51C530639127}.Release|Any CPU.ActiveCfg = Release|Any CPU
		{926AAB0F-9BE1-44AC-9732-51C530639127}.Release|Any CPU.Build.0 = Release|Any CPU
	EndGlobalSection
	GlobalSection(SolutionProperties) = preSolution
		HideSolutionNode = FALSE
	EndGlobalSection
	GlobalSection(ExtensibilityGlobals) = postSolution
		SolutionGuid = {734A9027-98CC-420C-8B39-BFEF4B162542}
	EndGlobalSection
EndGlobal
