
Microsoft Visual Studio Solution File, Format Version 12.00
# Visual Studio Version 16
VisualStudioVersion = 16.0.30907.101
MinimumVisualStudioVersion = 10.0.40219.1
Project("{FAE04EC0-301F-11D3-BF4B-00C04F79EFBC}") = "Computers", "Computers.csproj", "{67BB7D2D-996B-4B03-9432-62F03883F9A8}"
EndProject
Global
	GlobalSection(SolutionConfigurationPlatforms) = preSolution
		Debug|Any CPU = Debug|Any CPU
		Release|Any CPU = Release|Any CPU
	EndGlobalSection
	GlobalSection(ProjectConfigurationPlatforms) = postSolution
		{67BB7D2D-996B-4B03-9432-62F03883F9A8}.Debug|Any CPU.ActiveCfg = Debug|Any CPU
		{67BB7D2D-996B-4B03-9432-62F03883F9A8}.Debug|Any CPU.Build.0 = Debug|Any CPU
		{67BB7D2D-996B-4B03-9432-62F03883F9A8}.Release|Any CPU.ActiveCfg = Release|Any CPU
		{67BB7D2D-996B-4B03-9432-62F03883F9A8}.Release|Any CPU.Build.0 = Release|Any CPU
	EndGlobalSection
	GlobalSection(SolutionProperties) = preSolution
		HideSolutionNode = FALSE
	EndGlobalSection
	GlobalSection(ExtensibilityGlobals) = postSolution
		SolutionGuid = {C39D965C-0BF2-4486-AA35-0894395A5835}
	EndGlobalSection
EndGlobal
