
Microsoft Visual Studio Solution File, Format Version 12.00
# Visual Studio Version 16
VisualStudioVersion = 16.0.30907.101
MinimumVisualStudioVersion = 10.0.40219.1
Project("{FAE04EC0-301F-11D3-BF4B-00C04F79EFBC}") = "gallery", "gallery\gallery.csproj", "{8D70105D-4C32-4EA1-8340-FA33C5903BED}"
EndProject
Global
	GlobalSection(SolutionConfigurationPlatforms) = preSolution
		Debug|Any CPU = Debug|Any CPU
		Release|Any CPU = Release|Any CPU
	EndGlobalSection
	GlobalSection(ProjectConfigurationPlatforms) = postSolution
		{8D70105D-4C32-4EA1-8340-FA33C5903BED}.Debug|Any CPU.ActiveCfg = Debug|Any CPU
		{8D70105D-4C32-4EA1-8340-FA33C5903BED}.Debug|Any CPU.Build.0 = Debug|Any CPU
		{8D70105D-4C32-4EA1-8340-FA33C5903BED}.Release|Any CPU.ActiveCfg = Release|Any CPU
		{8D70105D-4C32-4EA1-8340-FA33C5903BED}.Release|Any CPU.Build.0 = Release|Any CPU
	EndGlobalSection
	GlobalSection(SolutionProperties) = preSolution
		HideSolutionNode = FALSE
	EndGlobalSection
	GlobalSection(ExtensibilityGlobals) = postSolution
		SolutionGuid = {3C3DF94C-3911-425D-B113-7701EF7816C6}
	EndGlobalSection
EndGlobal
