
Microsoft Visual Studio Solution File, Format Version 12.00
# Visual Studio Version 16
VisualStudioVersion = 16.0.29519.181
MinimumVisualStudioVersion = 10.0.40219.1
Project("{FAE04EC0-301F-11D3-BF4B-00C04F79EFBC}") = "SportApp", "SportApp\SportApp.csproj", "{9B9D9EC8-DDC2-416B-8910-998E5EFF0E37}"
EndProject
Global
	GlobalSection(SolutionConfigurationPlatforms) = preSolution
		Debug|Any CPU = Debug|Any CPU
		Release|Any CPU = Release|Any CPU
	EndGlobalSection
	GlobalSection(ProjectConfigurationPlatforms) = postSolution
		{9B9D9EC8-DDC2-416B-8910-998E5EFF0E37}.Debug|Any CPU.ActiveCfg = Debug|Any CPU
		{9B9D9EC8-DDC2-416B-8910-998E5EFF0E37}.Debug|Any CPU.Build.0 = Debug|Any CPU
		{9B9D9EC8-DDC2-416B-8910-998E5EFF0E37}.Release|Any CPU.ActiveCfg = Release|Any CPU
		{9B9D9EC8-DDC2-416B-8910-998E5EFF0E37}.Release|Any CPU.Build.0 = Release|Any CPU
	EndGlobalSection
	GlobalSection(SolutionProperties) = preSolution
		HideSolutionNode = FALSE
	EndGlobalSection
	GlobalSection(ExtensibilityGlobals) = postSolution
		SolutionGuid = {3C70DFC4-BD2E-4224-8513-0DF94461D915}
	EndGlobalSection
EndGlobal
